
Microsoft Visual Studio Solution File, Format Version 12.00
# Visual Studio Version 17
VisualStudioVersion = 17.0.32126.317
MinimumVisualStudioVersion = 10.0.40219.1
Project("{FAE04EC0-301F-11D3-BF4B-00C04F79EFBC}") = "Sistema de Voto — Proyecto Final", "Sistema de Voto — Proyecto Final.csproj", "{1820C65C-2A62-47F4-B9AD-C0BACF0C8AAB}"
EndProject
Global
	GlobalSection(SolutionConfigurationPlatforms) = preSolution
		Debug|Any CPU = Debug|Any CPU
		Release|Any CPU = Release|Any CPU
	EndGlobalSection
	GlobalSection(ProjectConfigurationPlatforms) = postSolution
		{1820C65C-2A62-47F4-B9AD-C0BACF0C8AAB}.Debug|Any CPU.ActiveCfg = Debug|Any CPU
		{1820C65C-2A62-47F4-B9AD-C0BACF0C8AAB}.Debug|Any CPU.Build.0 = Debug|Any CPU
		{1820C65C-2A62-47F4-B9AD-C0BACF0C8AAB}.Release|Any CPU.ActiveCfg = Release|Any CPU
		{1820C65C-2A62-47F4-B9AD-C0BACF0C8AAB}.Release|Any CPU.Build.0 = Release|Any CPU
	EndGlobalSection
	GlobalSection(SolutionProperties) = preSolution
		HideSolutionNode = FALSE
	EndGlobalSection
	GlobalSection(ExtensibilityGlobals) = postSolution
		SolutionGuid = {AABED9BE-77F4-4645-86B2-12F7D35DF459}
	EndGlobalSection
EndGlobal
